
Microsoft Visual Studio Solution File, Format Version 12.00
# Visual Studio Version 17
VisualStudioVersion = 17.10.35122.118
MinimumVisualStudioVersion = 10.0.40219.1
Project("{FAE04EC0-301F-11D3-BF4B-00C04F79EFBC}") = "RESTUARANT_MANAGEMENT_SYSTEM", "RESTUARANT_MANAGEMENT_SYSTEM\RESTUARANT_MANAGEMENT_SYSTEM.csproj", "{81988347-37C9-4A1C-83FC-31F04698ED45}"
EndProject
Global
	GlobalSection(SolutionConfigurationPlatforms) = preSolution
		Debug|Any CPU = Debug|Any CPU
		Release|Any CPU = Release|Any CPU
	EndGlobalSection
	GlobalSection(ProjectConfigurationPlatforms) = postSolution
		{81988347-37C9-4A1C-83FC-31F04698ED45}.Debug|Any CPU.ActiveCfg = Debug|Any CPU
		{81988347-37C9-4A1C-83FC-31F04698ED45}.Debug|Any CPU.Build.0 = Debug|Any CPU
		{81988347-37C9-4A1C-83FC-31F04698ED45}.Release|Any CPU.ActiveCfg = Release|Any CPU
		{81988347-37C9-4A1C-83FC-31F04698ED45}.Release|Any CPU.Build.0 = Release|Any CPU
	EndGlobalSection
	GlobalSection(SolutionProperties) = preSolution
		HideSolutionNode = FALSE
	EndGlobalSection
	GlobalSection(ExtensibilityGlobals) = postSolution
		SolutionGuid = {0E08FFCB-1BCE-4CF6-A2E1-93ADC7F600FA}
	EndGlobalSection
EndGlobal
